// !$*UTF8*$!
{
	archiveVersion = 1;
	classes = {
	};
	objectVersion = 46;
	objects = {

/* Begin PBXBuildFile section */
		9227B57F193E9E080006B213 /* main.m in Sources */ = {isa = PBXBuildFile; fileRef = 9227B57E193E9E080006B213 /* main.m */; };
		9227B582193E9E080006B213 /* AppDelegate.m in Sources */ = {isa = PBXBuildFile; fileRef = 9227B581193E9E080006B213 /* AppDelegate.m */; };
		9227B585193E9E080006B213 /* MasterViewController.m in Sources */ = {isa = PBXBuildFile; fileRef = 9227B584193E9E080006B213 /* MasterViewController.m */; };
		9227B588193E9E080006B213 /* DetailViewController.m in Sources */ = {isa = PBXBuildFile; fileRef = 9227B587193E9E080006B213 /* DetailViewController.m */; };
		9227B58B193E9E080006B213 /* Main.storyboard in Resources */ = {isa = PBXBuildFile; fileRef = 9227B589193E9E080006B213 /* Main.storyboard */; };
		9227B58D193E9E080006B213 /* Images.xcassets in Resources */ = {isa = PBXBuildFile; fileRef = 9227B58C193E9E080006B213 /* Images.xcassets */; };
		9227B599193E9E080006B213 /* BlogReaderTests.m in Sources */ = {isa = PBXBuildFile; fileRef = 9227B598193E9E080006B213 /* BlogReaderTests.m */; };
/* End PBXBuildFile section */

/* Begin PBXContainerItemProxy section */
		9227B593193E9E080006B213 /* PBXContainerItemProxy */ = {
			isa = PBXContainerItemProxy;
			containerPortal = 9227B571193E9E080006B213 /* Project object */;
			proxyType = 1;
			remoteGlobalIDString = 9227B578193E9E080006B213;
			remoteInfo = BlogReader;
		};
/* End PBXContainerItemProxy section */

/* Begin PBXFileReference section */
		9227B579193E9E080006B213 /* BlogReader.app */ = {isa = PBXFileReference; explicitFileType = wrapper.application; includeInIndex = 0; path = BlogReader.app; sourceTree = BUILT_PRODUCTS_DIR; };
		9227B57D193E9E080006B213 /* Info.plist */ = {isa = PBXFileReference; lastKnownFileType = text.plist.xml; path = Info.plist; sourceTree = "<group>"; };
		9227B57E193E9E080006B213 /* main.m */ = {isa = PBXFileReference; lastKnownFileType = sourcecode.c.objc; path = main.m; sourceTree = "<group>"; };
		9227B580193E9E080006B213 /* AppDelegate.h */ = {isa = PBXFileReference; lastKnownFileType = sourcecode.c.h; path = AppDelegate.h; sourceTree = "<group>"; };
		9227B581193E9E080006B213 /* AppDelegate.m */ = {isa = PBXFileReference; lastKnownFileType = sourcecode.c.objc; path = AppDelegate.m; sourceTree = "<group>"; };
		9227B583193E9E080006B213 /* MasterViewController.h */ = {isa = PBXFileReference; lastKnownFileType = sourcecode.c.h; path = MasterViewController.h; sourceTree = "<group>"; };
		9227B584193E9E080006B213 /* MasterViewController.m */ = {isa = PBXFileReference; lastKnownFileType = sourcecode.c.objc; path = MasterViewController.m; sourceTree = "<group>"; };
		9227B586193E9E080006B213 /* DetailViewController.h */ = {isa = PBXFileReference; lastKnownFileType = sourcecode.c.h; path = DetailViewController.h; sourceTree = "<group>"; };
		9227B587193E9E080006B213 /* DetailViewController.m */ = {isa = PBXFileReference; lastKnownFileType = sourcecode.c.objc; path = DetailViewController.m; sourceTree = "<group>"; };
		9227B58A193E9E080006B213 /* Base */ = {isa = PBXFileReference; lastKnownFileType = file.storyboard; name = Base; path = Base.lproj/Main.storyboard; sourceTree = "<group>"; };
		9227B58C193E9E080006B213 /* Images.xcassets */ = {isa = PBXFileReference; lastKnownFileType = folder.assetcatalog; path = Images.xcassets; sourceTree = "<group>"; };
		9227B592193E9E080006B213 /* BlogReaderTests.xctest */ = {isa = PBXFileReference; explicitFileType = wrapper.cfbundle; includeInIndex = 0; path = BlogReaderTests.xctest; sourceTree = BUILT_PRODUCTS_DIR; };
		9227B597193E9E080006B213 /* Info.plist */ = {isa = PBXFileReference; lastKnownFileType = text.plist.xml; path = Info.plist; sourceTree = "<group>"; };
		9227B598193E9E080006B213 /* BlogReaderTests.m */ = {isa = PBXFileReference; lastKnownFileType = sourcecode.c.objc; path = BlogReaderTests.m; sourceTree = "<group>"; };
/* End PBXFileReference section */

/* Begin PBXFrameworksBuildPhase section */
		9227B576193E9E080006B213 /* Frameworks */ = {
			isa = PBXFrameworksBuildPhase;
			buildActionMask = 2147483647;
			files = (
			);
			runOnlyForDeploymentPostprocessing = 0;
		};
		9227B58F193E9E080006B213 /* Frameworks */ = {
			isa = PBXFrameworksBuildPhase;
			buildActionMask = 2147483647;
			files = (
			);
			runOnlyForDeploymentPostprocessing = 0;
		};
/* End PBXFrameworksBuildPhase section */

/* Begin PBXGroup section */
		9227B570193E9E080006B213 = {
			isa = PBXGroup;
			children = (
				9227B57B193E9E080006B213 /* BlogReader */,
				9227B595193E9E080006B213 /* BlogReaderTests */,
				9227B57A193E9E080006B213 /* Products */,
			);
			sourceTree = "<group>";
		};
		9227B57A193E9E080006B213 /* Products */ = {
			isa = PBXGroup;
			children = (
				9227B579193E9E080006B213 /* BlogReader.app */,
				9227B592193E9E080006B213 /* BlogReaderTests.xctest */,
			);
			name = Products;
			sourceTree = "<group>";
		};
		9227B57B193E9E080006B213 /* BlogReader */ = {
			isa = PBXGroup;
			children = (
				9227B580193E9E080006B213 /* AppDelegate.h */,
				9227B581193E9E080006B213 /* AppDelegate.m */,
				9227B583193E9E080006B213 /* MasterViewController.h */,
				9227B584193E9E080006B213 /* MasterViewController.m */,
				9227B586193E9E080006B213 /* DetailViewController.h */,
				9227B587193E9E080006B213 /* DetailViewController.m */,
				9227B589193E9E080006B213 /* Main.storyboard */,
				9227B58C193E9E080006B213 /* Images.xcassets */,
				9227B57C193E9E080006B213 /* Supporting Files */,
			);
			path = BlogReader;
			sourceTree = "<group>";
		};
		9227B57C193E9E080006B213 /* Supporting Files */ = {
			isa = PBXGroup;
			children = (
				9227B57D193E9E080006B213 /* Info.plist */,
				9227B57E193E9E080006B213 /* main.m */,
			);
			name = "Supporting Files";
			sourceTree = "<group>";
		};
		9227B595193E9E080006B213 /* BlogReaderTests */ = {
			isa = PBXGroup;
			children = (
				9227B598193E9E080006B213 /* BlogReaderTests.m */,
				9227B596193E9E080006B213 /* Supporting Files */,
			);
			path = BlogReaderTests;
			sourceTree = "<group>";
		};
		9227B596193E9E080006B213 /* Supporting Files */ = {
			isa = PBXGroup;
			children = (
				9227B597193E9E080006B213 /* Info.plist */,
			);
			name = "Supporting Files";
			sourceTree = "<group>";
		};
/* End PBXGroup section */

/* Begin PBXNativeTarget section */
		9227B578193E9E080006B213 /* BlogReader */ = {
			isa = PBXNativeTarget;
			buildConfigurationList = 9227B59C193E9E080006B213 /* Build configuration list for PBXNativeTarget "BlogReader" */;
			buildPhases = (
				9227B575193E9E080006B213 /* Sources */,
				9227B576193E9E080006B213 /* Frameworks */,
				9227B577193E9E080006B213 /* Resources */,
			);
			buildRules = (
			);
			dependencies = (
			);
			name = BlogReader;
			productName = BlogReader;
			productReference = 9227B579193E9E080006B213 /* BlogReader.app */;
			productType = "com.apple.product-type.application";
		};
		9227B591193E9E080006B213 /* BlogReaderTests */ = {
			isa = PBXNativeTarget;
			buildConfigurationList = 9227B59F193E9E080006B213 /* Build configuration list for PBXNativeTarget "BlogReaderTests" */;
			buildPhases = (
				9227B58E193E9E080006B213 /* Sources */,
				9227B58F193E9E080006B213 /* Frameworks */,
				9227B590193E9E080006B213 /* Resources */,
			);
			buildRules = (
			);
			dependencies = (
				9227B594193E9E080006B213 /* PBXTargetDependency */,
			);
			name = BlogReaderTests;
			productName = BlogReaderTests;
			productReference = 9227B592193E9E080006B213 /* BlogReaderTests.xctest */;
			productType = "com.apple.product-type.bundle.unit-test";
		};
/* End PBXNativeTarget section */

/* Begin PBXProject section */
		9227B571193E9E080006B213 /* Project object */ = {
			isa = PBXProject;
			attributes = {
				LastUpgradeCheck = 0600;
				ORGANIZATIONNAME = iamtonyarmstrong;
				TargetAttributes = {
					9227B578193E9E080006B213 = {
						CreatedOnToolsVersion = 6.0;
					};
					9227B591193E9E080006B213 = {
						CreatedOnToolsVersion = 6.0;
						TestTargetID = 9227B578193E9E080006B213;
					};
				};
			};
			buildConfigurationList = 9227B574193E9E080006B213 /* Build configuration list for PBXProject "BlogReader" */;
			compatibilityVersion = "Xcode 3.2";
			developmentRegion = English;
			hasScannedForEncodings = 0;
			knownRegions = (
				en,
				Base,
			);
			mainGroup = 9227B570193E9E080006B213;
			productRefGroup = 9227B57A193E9E080006B213 /* Products */;
			projectDirPath = "";
			projectRoot = "";
			targets = (
				9227B578193E9E080006B213 /* BlogReader */,
				9227B591193E9E080006B213 /* BlogReaderTests */,
			);
		};
/* End PBXProject section */

/* Begin PBXResourcesBuildPhase section */
		9227B577193E9E080006B213 /* Resources */ = {
			isa = PBXResourcesBuildPhase;
			buildActionMask = 2147483647;
			files = (
				9227B58B193E9E080006B213 /* Main.storyboard in Resources */,
				9227B58D193E9E080006B213 /* Images.xcassets in Resources */,
			);
			runOnlyForDeploymentPostprocessing = 0;
		};
		9227B590193E9E080006B213 /* Resources */ = {
			isa = PBXResourcesBuildPhase;
			buildActionMask = 2147483647;
			files = (
			);
			runOnlyForDeploymentPostprocessing = 0;
		};
/* End PBXResourcesBuildPhase section */

/* Begin PBXSourcesBuildPhase section */
		9227B575193E9E080006B213 /* Sources */ = {
			isa = PBXSourcesBuildPhase;
			buildActionMask = 2147483647;
			files = (
				9227B582193E9E080006B213 /* AppDelegate.m in Sources */,
				9227B585193E9E080006B213 /* MasterViewController.m in Sources */,
				9227B57F193E9E080006B213 /* main.m in Sources */,
				9227B588193E9E080006B213 /* DetailViewController.m in Sources */,
			);
			runOnlyForDeploymentPostprocessing = 0;
		};
		9227B58E193E9E080006B213 /* Sources */ = {
			isa = PBXSourcesBuildPhase;
			buildActionMask = 2147483647;
			files = (
				9227B599193E9E080006B213 /* BlogReaderTests.m in Sources */,
			);
			runOnlyForDeploymentPostprocessing = 0;
		};
/* End PBXSourcesBuildPhase section */

/* Begin PBXTargetDependency section */
		9227B594193E9E080006B213 /* PBXTargetDependency */ = {
			isa = PBXTargetDependency;
			target = 9227B578193E9E080006B213 /* BlogReader */;
			targetProxy = 9227B593193E9E080006B213 /* PBXContainerItemProxy */;
		};
/* End PBXTargetDependency section */

/* Begin PBXVariantGroup section */
		9227B589193E9E080006B213 /* Main.storyboard */ = {
			isa = PBXVariantGroup;
			children = (
				9227B58A193E9E080006B213 /* Base */,
			);
			name = Main.storyboard;
			sourceTree = "<group>";
		};
/* End PBXVariantGroup section */

/* Begin XCBuildConfiguration section */
		9227B59A193E9E080006B213 /* Debug */ = {
			isa = XCBuildConfiguration;
			buildSettings = {
				ALWAYS_SEARCH_USER_PATHS = NO;
				CLANG_CXX_LANGUAGE_STANDARD = "gnu++0x";
				CLANG_CXX_LIBRARY = "libc++";
				CLANG_ENABLE_MODULES = YES;
				CLANG_ENABLE_OBJC_ARC = YES;
				CLANG_WARN_BOOL_CONVERSION = YES;
				CLANG_WARN_CONSTANT_CONVERSION = YES;
				CLANG_WARN_DIRECT_OBJC_ISA_USAGE = YES_ERROR;
				CLANG_WARN_EMPTY_BODY = YES;
				CLANG_WARN_ENUM_CONVERSION = YES;
				CLANG_WARN_INT_CONVERSION = YES;
				CLANG_WARN_OBJC_ROOT_CLASS = YES_ERROR;
				CLANG_WARN_UNREACHABLE_CODE = YES;
				CLANG_WARN__DUPLICATE_METHOD_MATCH = YES;
				"CODE_SIGN_IDENTITY[sdk=iphoneos*]" = "iPhone Developer";
				COPY_PHASE_STRIP = NO;
				ENABLE_STRICT_OBJC_MSGSEND = YES;
				GCC_C_LANGUAGE_STANDARD = gnu99;
				GCC_DYNAMIC_NO_PIC = NO;
				GCC_OPTIMIZATION_LEVEL = 0;
				GCC_PREPROCESSOR_DEFINITIONS = (
					"DEBUG=1",
					"$(inherited)",
				);
				GCC_SYMBOLS_PRIVATE_EXTERN = NO;
				GCC_WARN_64_TO_32_BIT_CONVERSION = YES;
				GCC_WARN_ABOUT_RETURN_TYPE = YES_ERROR;
				GCC_WARN_UNDECLARED_SELECTOR = YES;
				GCC_WARN_UNINITIALIZED_AUTOS = YES_AGGRESSIVE;
				GCC_WARN_UNUSED_FUNCTION = YES;
				GCC_WARN_UNUSED_VARIABLE = YES;
				IPHONEOS_DEPLOYMENT_TARGET = 8.0;
				METAL_ENABLE_DEBUG_INFO = YES;
				ONLY_ACTIVE_ARCH = YES;
				SDKROOT = iphoneos;
			};
			name = Debug;
		};
		9227B59B193E9E080006B213 /* Release */ = {
			isa = XCBuildConfiguration;
			buildSettings = {
				ALWAYS_SEARCH_USER_PATHS = NO;
				CLANG_CXX_LANGUAGE_STANDARD = "gnu++0x";
				CLANG_CXX_LIBRARY = "libc++";
				CLANG_ENABLE_MODULES = YES;
				CLANG_ENABLE_OBJC_ARC = YES;
				CLANG_WARN_BOOL_CONVERSION = YES;
				CLANG_WARN_CONSTANT_CONVERSION = YES;
				CLANG_WARN_DIRECT_OBJC_ISA_USAGE = YES_ERROR;
				CLANG_WARN_EMPTY_BODY = YES;
				CLANG_WARN_ENUM_CONVERSION = YES;
				CLANG_WARN_INT_CONVERSION = YES;
				CLANG_WARN_OBJC_ROOT_CLASS = YES_ERROR;
				CLANG_WARN_UNREACHABLE_CODE = YES;
				CLANG_WARN__DUPLICATE_METHOD_MATCH = YES;
				"CODE_SIGN_IDENTITY[sdk=iphoneos*]" = "iPhone Developer";
				COPY_PHASE_STRIP = YES;
				ENABLE_NS_ASSERTIONS = NO;
				ENABLE_STRICT_OBJC_MSGSEND = YES;
				GCC_C_LANGUAGE_STANDARD = gnu99;
				GCC_WARN_64_TO_32_BIT_CONVERSION = YES;
				GCC_WARN_ABOUT_RETURN_TYPE = YES_ERROR;
				GCC_WARN_UNDECLARED_SELECTOR = YES;
				GCC_WARN_UNINITIALIZED_AUTOS = YES_AGGRESSIVE;
				GCC_WARN_UNUSED_FUNCTION = YES;
				GCC_WARN_UNUSED_VARIABLE = YES;
				IPHONEOS_DEPLOYMENT_TARGET = 8.0;
				METAL_ENABLE_DEBUG_INFO = NO;
				SDKROOT = iphoneos;
				VALIDATE_PRODUCT = YES;
			};
			name = Release;
		};
		9227B59D193E9E080006B213 /* Debug */ = {
			isa = XCBuildConfiguration;
			buildSettings = {
				ASSETCATALOG_COMPILER_APPICON_NAME = AppIcon;
				ASSETCATALOG_COMPILER_LAUNCHIMAGE_NAME = LaunchImage;
				INFOPLIST_FILE = BlogReader/Info.plist;
				LD_RUNPATH_SEARCH_PATHS = "$(inherited) @executable_path/Frameworks";
				PRODUCT_NAME = "$(TARGET_NAME)";
			};
			name = Debug;
		};
		9227B59E193E9E080006B213 /* Release */ = {
			isa = XCBuildConfiguration;
			buildSettings = {
				ASSETCATALOG_COMPILER_APPICON_NAME = AppIcon;
				ASSETCATALOG_COMPILER_LAUNCHIMAGE_NAME = LaunchImage;
				INFOPLIST_FILE = BlogReader/Info.plist;
				LD_RUNPATH_SEARCH_PATHS = "$(inherited) @executable_path/Frameworks";
				PRODUCT_NAME = "$(TARGET_NAME)";
			};
			name = Release;
		};
		9227B5A0193E9E080006B213 /* Debug */ = {
			isa = XCBuildConfiguration;
			buildSettings = {
				BUNDLE_LOADER = "$(BUILT_PRODUCTS_DIR)/BlogReader.app/BlogReader";
				FRAMEWORK_SEARCH_PATHS = (
					"$(SDKROOT)/Developer/Library/Frameworks",
					"$(inherited)",
				);
				GCC_PREPROCESSOR_DEFINITIONS = (
					"DEBUG=1",
					"$(inherited)",
				);
				INFOPLIST_FILE = BlogReaderTests/Info.plist;
				LD_RUNPATH_SEARCH_PATHS = "$(inherited) @executable_path/Frameworks @loader_path/Frameworks";
				METAL_ENABLE_DEBUG_INFO = YES;
				PRODUCT_NAME = "$(TARGET_NAME)";
				TEST_HOST = "$(BUNDLE_LOADER)";
			};
			name = Debug;
		};
		9227B5A1193E9E080006B213 /* Release */ = {
			isa = XCBuildConfiguration;
			buildSettings = {
				BUNDLE_LOADER = "$(BUILT_PRODUCTS_DIR)/BlogReader.app/BlogReader";
				FRAMEWORK_SEARCH_PATHS = (
					"$(SDKROOT)/Developer/Library/Frameworks",
					"$(inherited)",
				);
				INFOPLIST_FILE = BlogReaderTests/Info.plist;
				LD_RUNPATH_SEARCH_PATHS = "$(inherited) @executable_path/Frameworks @loader_path/Frameworks";
				METAL_ENABLE_DEBUG_INFO = NO;
				PRODUCT_NAME = "$(TARGET_NAME)";
				TEST_HOST = "$(BUNDLE_LOADER)";
			};
			name = Release;
		};
/* End XCBuildConfiguration section */

/* Begin XCConfigurationList section */
		9227B574193E9E080006B213 /* Build configuration list for PBXProject "BlogReader" */ = {
			isa = XCConfigurationList;
			buildConfigurations = (
				9227B59A193E9E080006B213 /* Debug */,
				9227B59B193E9E080006B213 /* Release */,
			);
			defaultConfigurationIsVisible = 0;
			defaultConfigurationName = Release;
		};
		9227B59C193E9E080006B213 /* Build configuration list for PBXNativeTarget "BlogReader" */ = {
			isa = XCConfigurationList;
			buildConfigurations = (
				9227B59D193E9E080006B213 /* Debug */,
				9227B59E193E9E080006B213 /* Release */,
			);
			defaultConfigurationIsVisible = 0;
		};
		9227B59F193E9E080006B213 /* Build configuration list for PBXNativeTarget "BlogReaderTests" */ = {
			isa = XCConfigurationList;
			buildConfigurations = (
				9227B5A0193E9E080006B213 /* Debug */,
				9227B5A1193E9E080006B213 /* Release */,
			);
			defaultConfigurationIsVisible = 0;
		};
/* End XCConfigurationList section */
	};
	rootObject = 9227B571193E9E080006B213 /* Project object */;
}
